// !$*UTF8*$!
{
	archiveVersion = 1;
	classes = {
	};
	objectVersion = 56;
	objects = {

/* Begin PBXBuildFile section */
		DD18C3322AEE760000F8F48A /* BackgroundThemes.swift in Sources */ = {isa = PBXBuildFile; fileRef = DD18C3312AEE760000F8F48A /* BackgroundThemes.swift */; };
		DD62DF962ABB7EA50070EB8F /* MenuModelApp.swift in Sources */ = {isa = PBXBuildFile; fileRef = DD62DF952ABB7EA50070EB8F /* MenuModelApp.swift */; };
		DD62DF982ABB7EA50070EB8F /* ContentView.swift in Sources */ = {isa = PBXBuildFile; fileRef = DD62DF972ABB7EA50070EB8F /* ContentView.swift */; };
		DD62DF9A2ABB7EA60070EB8F /* Assets.xcassets in Resources */ = {isa = PBXBuildFile; fileRef = DD62DF992ABB7EA60070EB8F /* Assets.xcassets */; };
		DD62DF9D2ABB7EA60070EB8F /* Preview Assets.xcassets in Resources */ = {isa = PBXBuildFile; fileRef = DD62DF9C2ABB7EA60070EB8F /* Preview Assets.xcassets */; };
		DD62DFA52ABB7F4D0070EB8F /* BaseMenu.swift in Sources */ = {isa = PBXBuildFile; fileRef = DD62DFA42ABB7F4D0070EB8F /* BaseMenu.swift */; };
		DD62DFA72ABB7FFD0070EB8F /* MenuOpenedKey.swift in Sources */ = {isa = PBXBuildFile; fileRef = DD62DFA62ABB7FFD0070EB8F /* MenuOpenedKey.swift */; };
		DD671C572ABD936500F61E7E /* SUIMenuModel.swift in Sources */ = {isa = PBXBuildFile; fileRef = DD671C562ABD936500F61E7E /* SUIMenuModel.swift */; };
		DD671C5A2ABDE0A200F61E7E /* SideMenu.swift in Sources */ = {isa = PBXBuildFile; fileRef = DD671C592ABDE0A200F61E7E /* SideMenu.swift */; };
		DD671C5C2ABDE12E00F61E7E /* MockData.swift in Sources */ = {isa = PBXBuildFile; fileRef = DD671C5B2ABDE12E00F61E7E /* MockData.swift */; };
		DD671C5E2ABDE4DD00F61E7E /* ListSectionCell.swift in Sources */ = {isa = PBXBuildFile; fileRef = DD671C5D2ABDE4DD00F61E7E /* ListSectionCell.swift */; };
/* End PBXBuildFile section */

/* Begin PBXFileReference section */
		DD18C3312AEE760000F8F48A /* BackgroundThemes.swift */ = {isa = PBXFileReference; lastKnownFileType = sourcecode.swift; path = BackgroundThemes.swift; sourceTree = "<group>"; };
		DD62DF922ABB7EA50070EB8F /* MenuModel.app */ = {isa = PBXFileReference; explicitFileType = wrapper.application; includeInIndex = 0; path = MenuModel.app; sourceTree = BUILT_PRODUCTS_DIR; };
		DD62DF952ABB7EA50070EB8F /* MenuModelApp.swift */ = {isa = PBXFileReference; lastKnownFileType = sourcecode.swift; path = MenuModelApp.swift; sourceTree = "<group>"; };
		DD62DF972ABB7EA50070EB8F /* ContentView.swift */ = {isa = PBXFileReference; lastKnownFileType = sourcecode.swift; path = ContentView.swift; sourceTree = "<group>"; };
		DD62DF992ABB7EA60070EB8F /* Assets.xcassets */ = {isa = PBXFileReference; lastKnownFileType = folder.assetcatalog; path = Assets.xcassets; sourceTree = "<group>"; };
		DD62DF9C2ABB7EA60070EB8F /* Preview Assets.xcassets */ = {isa = PBXFileReference; lastKnownFileType = folder.assetcatalog; path = "Preview Assets.xcassets"; sourceTree = "<group>"; };
		DD62DFA42ABB7F4D0070EB8F /* BaseMenu.swift */ = {isa = PBXFileReference; lastKnownFileType = sourcecode.swift; path = BaseMenu.swift; sourceTree = "<group>"; };
		DD62DFA62ABB7FFD0070EB8F /* MenuOpenedKey.swift */ = {isa = PBXFileReference; lastKnownFileType = sourcecode.swift; path = MenuOpenedKey.swift; sourceTree = "<group>"; };
		DD671C562ABD936500F61E7E /* SUIMenuModel.swift */ = {isa = PBXFileReference; lastKnownFileType = sourcecode.swift; path = SUIMenuModel.swift; sourceTree = "<group>"; };
		DD671C592ABDE0A200F61E7E /* SideMenu.swift */ = {isa = PBXFileReference; lastKnownFileType = sourcecode.swift; path = SideMenu.swift; sourceTree = "<group>"; };
		DD671C5B2ABDE12E00F61E7E /* MockData.swift */ = {isa = PBXFileReference; lastKnownFileType = sourcecode.swift; path = MockData.swift; sourceTree = "<group>"; };
		DD671C5D2ABDE4DD00F61E7E /* ListSectionCell.swift */ = {isa = PBXFileReference; lastKnownFileType = sourcecode.swift; path = ListSectionCell.swift; sourceTree = "<group>"; };
/* End PBXFileReference section */

/* Begin PBXFrameworksBuildPhase section */
		DD62DF8F2ABB7EA50070EB8F /* Frameworks */ = {
			isa = PBXFrameworksBuildPhase;
			buildActionMask = 2147483647;
			files = (
			);
			runOnlyForDeploymentPostprocessing = 0;
		};
/* End PBXFrameworksBuildPhase section */

/* Begin PBXGroup section */
		DD62DF892ABB7EA50070EB8F = {
			isa = PBXGroup;
			children = (
				DD62DF942ABB7EA50070EB8F /* MenuModel */,
				DD62DF932ABB7EA50070EB8F /* Products */,
			);
			sourceTree = "<group>";
		};
		DD62DF932ABB7EA50070EB8F /* Products */ = {
			isa = PBXGroup;
			children = (
				DD62DF922ABB7EA50070EB8F /* MenuModel.app */,
			);
			name = Products;
			sourceTree = "<group>";
		};
		DD62DF942ABB7EA50070EB8F /* MenuModel */ = {
			isa = PBXGroup;
			children = (
				DD671C582ABDE07F00F61E7E /* SideMenu */,
				DD671C552ABD932A00F61E7E /* Model */,
				DD62DFA32ABB7EE90070EB8F /* Sources */,
				DD62DF952ABB7EA50070EB8F /* MenuModelApp.swift */,
				DD62DF972ABB7EA50070EB8F /* ContentView.swift */,
				DD62DF992ABB7EA60070EB8F /* Assets.xcassets */,
				DD62DF9B2ABB7EA60070EB8F /* Preview Content */,
			);
			path = MenuModel;
			sourceTree = "<group>";
		};
		DD62DF9B2ABB7EA60070EB8F /* Preview Content */ = {
			isa = PBXGroup;
			children = (
				DD62DF9C2ABB7EA60070EB8F /* Preview Assets.xcassets */,
			);
			path = "Preview Content";
			sourceTree = "<group>";
		};
		DD62DFA32ABB7EE90070EB8F /* Sources */ = {
			isa = PBXGroup;
			children = (
				DD62DFA42ABB7F4D0070EB8F /* BaseMenu.swift */,
				DD62DFA62ABB7FFD0070EB8F /* MenuOpenedKey.swift */,
			);
			path = Sources;
			sourceTree = "<group>";
		};
		DD671C552ABD932A00F61E7E /* Model */ = {
			isa = PBXGroup;
			children = (
				DD671C562ABD936500F61E7E /* SUIMenuModel.swift */,
				DD18C3312AEE760000F8F48A /* BackgroundThemes.swift */,
			);
			path = Model;
			sourceTree = "<group>";
		};
		DD671C582ABDE07F00F61E7E /* SideMenu */ = {
			isa = PBXGroup;
			children = (
				DD671C592ABDE0A200F61E7E /* SideMenu.swift */,
				DD671C5B2ABDE12E00F61E7E /* MockData.swift */,
				DD671C5D2ABDE4DD00F61E7E /* ListSectionCell.swift */,
			);
			path = SideMenu;
			sourceTree = "<group>";
		};
/* End PBXGroup section */

/* Begin PBXNativeTarget section */
		DD62DF912ABB7EA50070EB8F /* MenuModel */ = {
			isa = PBXNativeTarget;
			buildConfigurationList = DD62DFA02ABB7EA60070EB8F /* Build configuration list for PBXNativeTarget "MenuModel" */;
			buildPhases = (
				DD62DF8E2ABB7EA50070EB8F /* Sources */,
				DD62DF8F2ABB7EA50070EB8F /* Frameworks */,
				DD62DF902ABB7EA50070EB8F /* Resources */,
			);
			buildRules = (
			);
			dependencies = (
			);
			name = MenuModel;
			productName = MenuModel;
			productReference = DD62DF922ABB7EA50070EB8F /* MenuModel.app */;
			productType = "com.apple.product-type.application";
		};
/* End PBXNativeTarget section */

/* Begin PBXProject section */
		DD62DF8A2ABB7EA50070EB8F /* Project object */ = {
			isa = PBXProject;
			attributes = {
				BuildIndependentTargetsInParallel = 1;
				LastSwiftUpdateCheck = 1500;
				LastUpgradeCheck = 1500;
				TargetAttributes = {
					DD62DF912ABB7EA50070EB8F = {
						CreatedOnToolsVersion = 15.0;
					};
				};
			};
			buildConfigurationList = DD62DF8D2ABB7EA50070EB8F /* Build configuration list for PBXProject "MenuModel" */;
			compatibilityVersion = "Xcode 14.0";
			developmentRegion = en;
			hasScannedForEncodings = 0;
			knownRegions = (
				en,
				Base,
			);
			mainGroup = DD62DF892ABB7EA50070EB8F;
			productRefGroup = DD62DF932ABB7EA50070EB8F /* Products */;
			projectDirPath = "";
			projectRoot = "";
			targets = (
				DD62DF912ABB7EA50070EB8F /* MenuModel */,
			);
		};
/* End PBXProject section */

/* Begin PBXResourcesBuildPhase section */
		DD62DF902ABB7EA50070EB8F /* Resources */ = {
			isa = PBXResourcesBuildPhase;
			buildActionMask = 2147483647;
			files = (
				DD62DF9D2ABB7EA60070EB8F /* Preview Assets.xcassets in Resources */,
				DD62DF9A2ABB7EA60070EB8F /* Assets.xcassets in Resources */,
			);
			runOnlyForDeploymentPostprocessing = 0;
		};
/* End PBXResourcesBuildPhase section */

/* Begin PBXSourcesBuildPhase section */
		DD62DF8E2ABB7EA50070EB8F /* Sources */ = {
			isa = PBXSourcesBuildPhase;
			buildActionMask = 2147483647;
			files = (
				DD62DFA52ABB7F4D0070EB8F /* BaseMenu.swift in Sources */,
				DD671C5E2ABDE4DD00F61E7E /* ListSectionCell.swift in Sources */,
				DD62DF982ABB7EA50070EB8F /* ContentView.swift in Sources */,
				DD671C572ABD936500F61E7E /* SUIMenuModel.swift in Sources */,
				DD18C3322AEE760000F8F48A /* BackgroundThemes.swift in Sources */,
				DD671C5A2ABDE0A200F61E7E /* SideMenu.swift in Sources */,
				DD62DF962ABB7EA50070EB8F /* MenuModelApp.swift in Sources */,
				DD671C5C2ABDE12E00F61E7E /* MockData.swift in Sources */,
				DD62DFA72ABB7FFD0070EB8F /* MenuOpenedKey.swift in Sources */,
			);
			runOnlyForDeploymentPostprocessing = 0;
		};
/* End PBXSourcesBuildPhase section */

/* Begin XCBuildConfiguration section */
		DD62DF9E2ABB7EA60070EB8F /* Debug */ = {
			isa = XCBuildConfiguration;
			buildSettings = {
				ALWAYS_SEARCH_USER_PATHS = NO;
				ASSETCATALOG_COMPILER_GENERATE_SWIFT_ASSET_SYMBOL_EXTENSIONS = YES;
				CLANG_ANALYZER_NONNULL = YES;
				CLANG_ANALYZER_NUMBER_OBJECT_CONVERSION = YES_AGGRESSIVE;
				CLANG_CXX_LANGUAGE_STANDARD = "gnu++20";
				CLANG_ENABLE_MODULES = YES;
				CLANG_ENABLE_OBJC_ARC = YES;
				CLANG_ENABLE_OBJC_WEAK = YES;
				CLANG_WARN_BLOCK_CAPTURE_AUTORELEASING = YES;
				CLANG_WARN_BOOL_CONVERSION = YES;
				CLANG_WARN_COMMA = YES;
				CLANG_WARN_CONSTANT_CONVERSION = YES;
				CLANG_WARN_DEPRECATED_OBJC_IMPLEMENTATIONS = YES;
				CLANG_WARN_DIRECT_OBJC_ISA_USAGE = YES_ERROR;
				CLANG_WARN_DOCUMENTATION_COMMENTS = YES;
				CLANG_WARN_EMPTY_BODY = YES;
				CLANG_WARN_ENUM_CONVERSION = YES;
				CLANG_WARN_INFINITE_RECURSION = YES;
				CLANG_WARN_INT_CONVERSION = YES;
				CLANG_WARN_NON_LITERAL_NULL_CONVERSION = YES;
				CLANG_WARN_OBJC_IMPLICIT_RETAIN_SELF = YES;
				CLANG_WARN_OBJC_LITERAL_CONVERSION = YES;
				CLANG_WARN_OBJC_ROOT_CLASS = YES_ERROR;
				CLANG_WARN_QUOTED_INCLUDE_IN_FRAMEWORK_HEADER = YES;
				CLANG_WARN_RANGE_LOOP_ANALYSIS = YES;
				CLANG_WARN_STRICT_PROTOTYPES = YES;
				CLANG_WARN_SUSPICIOUS_MOVE = YES;
				CLANG_WARN_UNGUARDED_AVAILABILITY = YES_AGGRESSIVE;
				CLANG_WARN_UNREACHABLE_CODE = YES;
				CLANG_WARN__DUPLICATE_METHOD_MATCH = YES;
				COPY_PHASE_STRIP = NO;
				DEBUG_INFORMATION_FORMAT = dwarf;
				ENABLE_STRICT_OBJC_MSGSEND = YES;
				ENABLE_TESTABILITY = YES;
				ENABLE_USER_SCRIPT_SANDBOXING = YES;
				GCC_C_LANGUAGE_STANDARD = gnu17;
				GCC_DYNAMIC_NO_PIC = NO;
				GCC_NO_COMMON_BLOCKS = YES;
				GCC_OPTIMIZATION_LEVEL = 0;
				GCC_PREPROCESSOR_DEFINITIONS = (
					"DEBUG=1",
					"$(inherited)",
				);
				GCC_WARN_64_TO_32_BIT_CONVERSION = YES;
				GCC_WARN_ABOUT_RETURN_TYPE = YES_ERROR;
				GCC_WARN_UNDECLARED_SELECTOR = YES;
				GCC_WARN_UNINITIALIZED_AUTOS = YES_AGGRESSIVE;
				GCC_WARN_UNUSED_FUNCTION = YES;
				GCC_WARN_UNUSED_VARIABLE = YES;
				IPHONEOS_DEPLOYMENT_TARGET = 17.0;
				LOCALIZATION_PREFERS_STRING_CATALOGS = YES;
				MTL_ENABLE_DEBUG_INFO = INCLUDE_SOURCE;
				MTL_FAST_MATH = YES;
				ONLY_ACTIVE_ARCH = YES;
				SDKROOT = iphoneos;
				SWIFT_ACTIVE_COMPILATION_CONDITIONS = "DEBUG $(inherited)";
				SWIFT_OPTIMIZATION_LEVEL = "-Onone";
			};
			name = Debug;
		};
		DD62DF9F2ABB7EA60070EB8F /* Release */ = {
			isa = XCBuildConfiguration;
			buildSettings = {
				ALWAYS_SEARCH_USER_PATHS = NO;
				ASSETCATALOG_COMPILER_GENERATE_SWIFT_ASSET_SYMBOL_EXTENSIONS = YES;
				CLANG_ANALYZER_NONNULL = YES;
				CLANG_ANALYZER_NUMBER_OBJECT_CONVERSION = YES_AGGRESSIVE;
				CLANG_CXX_LANGUAGE_STANDARD = "gnu++20";
				CLANG_ENABLE_MODULES = YES;
				CLANG_ENABLE_OBJC_ARC = YES;
				CLANG_ENABLE_OBJC_WEAK = YES;
				CLANG_WARN_BLOCK_CAPTURE_AUTORELEASING = YES;
				CLANG_WARN_BOOL_CONVERSION = YES;
				CLANG_WARN_COMMA = YES;
				CLANG_WARN_CONSTANT_CONVERSION = YES;
				CLANG_WARN_DEPRECATED_OBJC_IMPLEMENTATIONS = YES;
				CLANG_WARN_DIRECT_OBJC_ISA_USAGE = YES_ERROR;
				CLANG_WARN_DOCUMENTATION_COMMENTS = YES;
				CLANG_WARN_EMPTY_BODY = YES;
				CLANG_WARN_ENUM_CONVERSION = YES;
				CLANG_WARN_INFINITE_RECURSION = YES;
				CLANG_WARN_INT_CONVERSION = YES;
				CLANG_WARN_NON_LITERAL_NULL_CONVERSION = YES;
				CLANG_WARN_OBJC_IMPLICIT_RETAIN_SELF = YES;
				CLANG_WARN_OBJC_LITERAL_CONVERSION = YES;
				CLANG_WARN_OBJC_ROOT_CLASS = YES_ERROR;
				CLANG_WARN_QUOTED_INCLUDE_IN_FRAMEWORK_HEADER = YES;
				CLANG_WARN_RANGE_LOOP_ANALYSIS = YES;
				CLANG_WARN_STRICT_PROTOTYPES = YES;
				CLANG_WARN_SUSPICIOUS_MOVE = YES;
				CLANG_WARN_UNGUARDED_AVAILABILITY = YES_AGGRESSIVE;
				CLANG_WARN_UNREACHABLE_CODE = YES;
				CLANG_WARN__DUPLICATE_METHOD_MATCH = YES;
				COPY_PHASE_STRIP = NO;
				DEBUG_INFORMATION_FORMAT = "dwarf-with-dsym";
				ENABLE_NS_ASSERTIONS = NO;
				ENABLE_STRICT_OBJC_MSGSEND = YES;
				ENABLE_USER_SCRIPT_SANDBOXING = YES;
				GCC_C_LANGUAGE_STANDARD = gnu17;
				GCC_NO_COMMON_BLOCKS = YES;
				GCC_WARN_64_TO_32_BIT_CONVERSION = YES;
				GCC_WARN_ABOUT_RETURN_TYPE = YES_ERROR;
				GCC_WARN_UNDECLARED_SELECTOR = YES;
				GCC_WARN_UNINITIALIZED_AUTOS = YES_AGGRESSIVE;
				GCC_WARN_UNUSED_FUNCTION = YES;
				GCC_WARN_UNUSED_VARIABLE = YES;
				IPHONEOS_DEPLOYMENT_TARGET = 17.0;
				LOCALIZATION_PREFERS_STRING_CATALOGS = YES;
				MTL_ENABLE_DEBUG_INFO = NO;
				MTL_FAST_MATH = YES;
				SDKROOT = iphoneos;
				SWIFT_COMPILATION_MODE = wholemodule;
				VALIDATE_PRODUCT = YES;
			};
			name = Release;
		};
		DD62DFA12ABB7EA60070EB8F /* Debug */ = {
			isa = XCBuildConfiguration;
			buildSettings = {
				ASSETCATALOG_COMPILER_APPICON_NAME = AppIcon;
				ASSETCATALOG_COMPILER_GLOBAL_ACCENT_COLOR_NAME = AccentColor;
				CODE_SIGN_STYLE = Automatic;
				CURRENT_PROJECT_VERSION = 1;
				DEVELOPMENT_ASSET_PATHS = "\"MenuModel/Preview Content\"";
				DEVELOPMENT_TEAM = 7Y8QP7UN32;
				ENABLE_PREVIEWS = YES;
				GENERATE_INFOPLIST_FILE = YES;
				INFOPLIST_KEY_UIApplicationSceneManifest_Generation = YES;
				INFOPLIST_KEY_UIApplicationSupportsIndirectInputEvents = YES;
				INFOPLIST_KEY_UILaunchScreen_Generation = YES;
				INFOPLIST_KEY_UISupportedInterfaceOrientations_iPad = "UIInterfaceOrientationPortrait UIInterfaceOrientationPortraitUpsideDown UIInterfaceOrientationLandscapeLeft UIInterfaceOrientationLandscapeRight";
				INFOPLIST_KEY_UISupportedInterfaceOrientations_iPhone = "UIInterfaceOrientationPortrait UIInterfaceOrientationLandscapeLeft UIInterfaceOrientationLandscapeRight";
				LD_RUNPATH_SEARCH_PATHS = (
					"$(inherited)",
					"@executable_path/Frameworks",
				);
				MARKETING_VERSION = 1.0;
				PRODUCT_BUNDLE_IDENTIFIER = com.elif.MenuModel;
				PRODUCT_NAME = "$(TARGET_NAME)";
				SWIFT_EMIT_LOC_STRINGS = YES;
				SWIFT_VERSION = 5.0;
				TARGETED_DEVICE_FAMILY = "1,2";
			};
			name = Debug;
		};
		DD62DFA22ABB7EA60070EB8F /* Release */ = {
			isa = XCBuildConfiguration;
			buildSettings = {
				ASSETCATALOG_COMPILER_APPICON_NAME = AppIcon;
				ASSETCATALOG_COMPILER_GLOBAL_ACCENT_COLOR_NAME = AccentColor;
				CODE_SIGN_STYLE = Automatic;
				CURRENT_PROJECT_VERSION = 1;
				DEVELOPMENT_ASSET_PATHS = "\"MenuModel/Preview Content\"";
				DEVELOPMENT_TEAM = 7Y8QP7UN32;
				ENABLE_PREVIEWS = YES;
				GENERATE_INFOPLIST_FILE = YES;
				INFOPLIST_KEY_UIApplicationSceneManifest_Generation = YES;
				INFOPLIST_KEY_UIApplicationSupportsIndirectInputEvents = YES;
				INFOPLIST_KEY_UILaunchScreen_Generation = YES;
				INFOPLIST_KEY_UISupportedInterfaceOrientations_iPad = "UIInterfaceOrientationPortrait UIInterfaceOrientationPortraitUpsideDown UIInterfaceOrientationLandscapeLeft UIInterfaceOrientationLandscapeRight";
				INFOPLIST_KEY_UISupportedInterfaceOrientations_iPhone = "UIInterfaceOrientationPortrait UIInterfaceOrientationLandscapeLeft UIInterfaceOrientationLandscapeRight";
				LD_RUNPATH_SEARCH_PATHS = (
					"$(inherited)",
					"@executable_path/Frameworks",
				);
				MARKETING_VERSION = 1.0;
				PRODUCT_BUNDLE_IDENTIFIER = com.elif.MenuModel;
				PRODUCT_NAME = "$(TARGET_NAME)";
				SWIFT_EMIT_LOC_STRINGS = YES;
				SWIFT_VERSION = 5.0;
				TARGETED_DEVICE_FAMILY = "1,2";
			};
			name = Release;
		};
/* End XCBuildConfiguration section */

/* Begin XCConfigurationList section */
		DD62DF8D2ABB7EA50070EB8F /* Build configuration list for PBXProject "MenuModel" */ = {
			isa = XCConfigurationList;
			buildConfigurations = (
				DD62DF9E2ABB7EA60070EB8F /* Debug */,
				DD62DF9F2ABB7EA60070EB8F /* Release */,
			);
			defaultConfigurationIsVisible = 0;
			defaultConfigurationName = Release;
		};
		DD62DFA02ABB7EA60070EB8F /* Build configuration list for PBXNativeTarget "MenuModel" */ = {
			isa = XCConfigurationList;
			buildConfigurations = (
				DD62DFA12ABB7EA60070EB8F /* Debug */,
				DD62DFA22ABB7EA60070EB8F /* Release */,
			);
			defaultConfigurationIsVisible = 0;
			defaultConfigurationName = Release;
		};
/* End XCConfigurationList section */
	};
	rootObject = DD62DF8A2ABB7EA50070EB8F /* Project object */;
}
